
Microsoft Visual Studio Solution File, Format Version 12.00
# Visual Studio Version 17
VisualStudioVersion = 17.0.31903.59
MinimumVisualStudioVersion = 10.0.40219.1
Project("{9A19103F-16F7-4668-BE54-9A1E7A4F7556}") = "Store.Domain", "store-domain\Store.Domain.csproj", "{BF67185C-6E45-49BD-99E2-B5798A6DD2A8}"
EndProject
Project("{9A19103F-16F7-4668-BE54-9A1E7A4F7556}") = "Store.Domain.Spec", "store-domain-spec\Store.Domain.Spec.csproj", "{B634745B-7464-43AC-9A5E-090BA65587DA}"
EndProject
Project("{FAE04EC0-301F-11D3-BF4B-00C04F79EFBC}") = "Store.Infrastructure.Dapper", "Store.Infrastructure.Dapper\Store.Infrastructure.Dapper.csproj", "{E4EBB536-1B78-4E66-923E-0203698E31E0}"
EndProject
Project("{FAE04EC0-301F-11D3-BF4B-00C04F79EFBC}") = "Store.Infrastructure.Dapper.Spec", "Store.Infrastructure.Dapper.Spec\Store.Infrastructure.Dapper.Spec.csproj", "{4638405A-FD09-4243-868E-DB2790428A69}"
EndProject
Global
	GlobalSection(SolutionConfigurationPlatforms) = preSolution
		Debug|Any CPU = Debug|Any CPU
		Release|Any CPU = Release|Any CPU
	EndGlobalSection
	GlobalSection(ProjectConfigurationPlatforms) = postSolution
		{BF67185C-6E45-49BD-99E2-B5798A6DD2A8}.Debug|Any CPU.ActiveCfg = Debug|Any CPU
		{BF67185C-6E45-49BD-99E2-B5798A6DD2A8}.Debug|Any CPU.Build.0 = Debug|Any CPU
		{BF67185C-6E45-49BD-99E2-B5798A6DD2A8}.Release|Any CPU.ActiveCfg = Release|Any CPU
		{BF67185C-6E45-49BD-99E2-B5798A6DD2A8}.Release|Any CPU.Build.0 = Release|Any CPU
		{B634745B-7464-43AC-9A5E-090BA65587DA}.Debug|Any CPU.ActiveCfg = Debug|Any CPU
		{B634745B-7464-43AC-9A5E-090BA65587DA}.Debug|Any CPU.Build.0 = Debug|Any CPU
		{B634745B-7464-43AC-9A5E-090BA65587DA}.Release|Any CPU.ActiveCfg = Release|Any CPU
		{B634745B-7464-43AC-9A5E-090BA65587DA}.Release|Any CPU.Build.0 = Release|Any CPU
		{E4EBB536-1B78-4E66-923E-0203698E31E0}.Debug|Any CPU.ActiveCfg = Debug|Any CPU
		{E4EBB536-1B78-4E66-923E-0203698E31E0}.Debug|Any CPU.Build.0 = Debug|Any CPU
		{E4EBB536-1B78-4E66-923E-0203698E31E0}.Release|Any CPU.ActiveCfg = Release|Any CPU
		{E4EBB536-1B78-4E66-923E-0203698E31E0}.Release|Any CPU.Build.0 = Release|Any CPU
		{4638405A-FD09-4243-868E-DB2790428A69}.Debug|Any CPU.ActiveCfg = Debug|Any CPU
		{4638405A-FD09-4243-868E-DB2790428A69}.Debug|Any CPU.Build.0 = Debug|Any CPU
		{4638405A-FD09-4243-868E-DB2790428A69}.Release|Any CPU.ActiveCfg = Release|Any CPU
		{4638405A-FD09-4243-868E-DB2790428A69}.Release|Any CPU.Build.0 = Release|Any CPU
	EndGlobalSection
	GlobalSection(SolutionProperties) = preSolution
		HideSolutionNode = FALSE
	EndGlobalSection
	GlobalSection(ExtensibilityGlobals) = postSolution
		SolutionGuid = {F9ABA973-4EA5-44D4-BE30-061FA9D34D76}
	EndGlobalSection
EndGlobal
